<?xml version="1.0" encoding="utf-8"?>
<Project ToolsVersion="18.0" xmlns="http://schemas.microsoft.com/developer/msbuild/2003">
  <ItemGroup>
    <CustomBuild Include="D:\miniaudioex\build18\CMakeFiles\67c98fce163a875ed0c59c0e04935fed\generate.stamp.rule">
      <Filter>CMake Rules</Filter>
    </CustomBuild>
  </ItemGroup>
  <ItemGroup>
    <Filter Include="CMake Rules">
      <UniqueIdentifier>{C5DFCB82-24FC-3462-A6E2-67AFAC9BD127}</UniqueIdentifier>
    </Filter>
  </ItemGroup>
</Project>
